// !$*UTF8*$!
{
	archiveVersion = 1;
	classes = {
	};
	objectVersion = 46;
	objects = {

/* Begin PBXBuildFile section */
		2F0F75EA1E368B71004BCE2D /* SweetAlert.swift in Sources */ = {isa = PBXBuildFile; fileRef = 2F0F75E91E368B71004BCE2D /* SweetAlert.swift */; };
		2F2F760E1E312BC9000AE4F7 /* NavigationBar.png in Resources */ = {isa = PBXBuildFile; fileRef = 2F2F760D1E312BC9000AE4F7 /* NavigationBar.png */; };
		2F2F76101E312E3D000AE4F7 /* HomeScreenViewController.swift in Sources */ = {isa = PBXBuildFile; fileRef = 2F2F760F1E312E3D000AE4F7 /* HomeScreenViewController.swift */; };
		2F398E891E11B39D00A1AEB3 /* ViewController2.swift in Sources */ = {isa = PBXBuildFile; fileRef = 2F398E881E11B39D00A1AEB3 /* ViewController2.swift */; };
		2F398E911E12288A00A1AEB3 /* Lily.xcdatamodeld in Sources */ = {isa = PBXBuildFile; fileRef = 2F398E8F1E12288A00A1AEB3 /* Lily.xcdatamodeld */; };
		2F398EFD1E14CAB100A1AEB3 /* LilyCoreData.swift in Sources */ = {isa = PBXBuildFile; fileRef = 2F398EFC1E14CAB100A1AEB3 /* LilyCoreData.swift */; };
		2F398EFF1E16006600A1AEB3 /* Helpers.swift in Sources */ = {isa = PBXBuildFile; fileRef = 2F398EFE1E16006600A1AEB3 /* Helpers.swift */; };
		2F3FDC8C1E35905D00B18F25 /* MicWhite.png in Resources */ = {isa = PBXBuildFile; fileRef = 2F3FDC881E35905D00B18F25 /* MicWhite.png */; };
		2F3FDC8D1E35905D00B18F25 /* x_button.png in Resources */ = {isa = PBXBuildFile; fileRef = 2F3FDC891E35905D00B18F25 /* x_button.png */; };
		2F3FDC8E1E35905D00B18F25 /* question_mark.png in Resources */ = {isa = PBXBuildFile; fileRef = 2F3FDC8A1E35905D00B18F25 /* question_mark.png */; };
		2F3FDC911E35921B00B18F25 /* x.png in Resources */ = {isa = PBXBuildFile; fileRef = 2F3FDC901E35921B00B18F25 /* x.png */; };
		2F3FDC931E3592E200B18F25 /* Help Subview.png in Resources */ = {isa = PBXBuildFile; fileRef = 2F3FDC921E3592E200B18F25 /* Help Subview.png */; };
		2F3FDC951E35A69100B18F25 /* backgroundMicHelp.png in Resources */ = {isa = PBXBuildFile; fileRef = 2F3FDC941E35A69100B18F25 /* backgroundMicHelp.png */; };
		2F6591AC1E03B29C0040AA4A /* Services.plist in Resources */ = {isa = PBXBuildFile; fileRef = 2F6591AB1E03B29C0040AA4A /* Services.plist */; };
		2F8DBAAD1E0484A30043C34C /* OAuth2RetryHandler.swift in Sources */ = {isa = PBXBuildFile; fileRef = 2F8DBAAC1E0484A30043C34C /* OAuth2RetryHandler.swift */; };
		2FA09AED1E31321F0094270F /* blackjack.otf in Resources */ = {isa = PBXBuildFile; fileRef = 2FA09AEC1E31321F0094270F /* blackjack.otf */; };
		2FA09AEF1E3138070094270F /* CardBackground.png in Resources */ = {isa = PBXBuildFile; fileRef = 2FA09AEE1E3138070094270F /* CardBackground.png */; };
		2FA09AF11E3138E30094270F /* water.png in Resources */ = {isa = PBXBuildFile; fileRef = 2FA09AF01E3138E30094270F /* water.png */; };
		2FA09AF71E3138F10094270F /* Heart.png in Resources */ = {isa = PBXBuildFile; fileRef = 2FA09AF21E3138F10094270F /* Heart.png */; };
		2FA09AF81E3138F10094270F /* balance.png in Resources */ = {isa = PBXBuildFile; fileRef = 2FA09AF31E3138F10094270F /* balance.png */; };
		2FA09AF91E3138F10094270F /* Checklist.png in Resources */ = {isa = PBXBuildFile; fileRef = 2FA09AF41E3138F10094270F /* Checklist.png */; };
		2FA09AFA1E3138F10094270F /* Flame.png in Resources */ = {isa = PBXBuildFile; fileRef = 2FA09AF51E3138F10094270F /* Flame.png */; };
		2FA09AFB1E3138F10094270F /* Moon.png in Resources */ = {isa = PBXBuildFile; fileRef = 2FA09AF61E3138F10094270F /* Moon.png */; };
		2FA09AFF1E313BFE0094270F /* ProgressWheel.png in Resources */ = {isa = PBXBuildFile; fileRef = 2FA09AFE1E313BFE0094270F /* ProgressWheel.png */; };
		2FA09B011E3147F40094270F /* backgroundShade.png in Resources */ = {isa = PBXBuildFile; fileRef = 2FA09B001E3147F40094270F /* backgroundShade.png */; };
		2FA09B051E31BEF80094270F /* microphone.png in Resources */ = {isa = PBXBuildFile; fileRef = 2FA09B041E31BEF80094270F /* microphone.png */; };
		2FA09B071E31C3A80094270F /* microphone@2x.png in Resources */ = {isa = PBXBuildFile; fileRef = 2FA09B061E31C3A80094270F /* microphone@2x.png */; };
		2FA1CD5D1E0347AF00778DF3 /* AppDelegate.swift in Sources */ = {isa = PBXBuildFile; fileRef = 2FA1CD5C1E0347AF00778DF3 /* AppDelegate.swift */; };
		2FA1CD5F1E0347AF00778DF3 /* ViewController.swift in Sources */ = {isa = PBXBuildFile; fileRef = 2FA1CD5E1E0347AF00778DF3 /* ViewController.swift */; };
		2FA1CD621E0347AF00778DF3 /* Main.storyboard in Resources */ = {isa = PBXBuildFile; fileRef = 2FA1CD601E0347AF00778DF3 /* Main.storyboard */; };
		2FA1CD641E0347AF00778DF3 /* Assets.xcassets in Resources */ = {isa = PBXBuildFile; fileRef = 2FA1CD631E0347AF00778DF3 /* Assets.xcassets */; };
		2FA1CD671E0347AF00778DF3 /* LaunchScreen.storyboard in Resources */ = {isa = PBXBuildFile; fileRef = 2FA1CD651E0347AF00778DF3 /* LaunchScreen.storyboard */; };
		2FB4C3C21E1D808400C39109 /* RestClient.swift in Sources */ = {isa = PBXBuildFile; fileRef = 2FB4C3C11E1D808400C39109 /* RestClient.swift */; };
		2FC69CDB1E0D9E51001A1349 /* FitbitRequests.swift in Sources */ = {isa = PBXBuildFile; fileRef = 2FC69CDA1E0D9E51001A1349 /* FitbitRequests.swift */; };
		2FC7FC071E35C9A300A7DA50 /* ErrorMicHelpMessage.png in Resources */ = {isa = PBXBuildFile; fileRef = 2FC7FC051E35C9A300A7DA50 /* ErrorMicHelpMessage.png */; };
		2FC7FC081E35C9A300A7DA50 /* simpleMicHelp.png in Resources */ = {isa = PBXBuildFile; fileRef = 2FC7FC061E35C9A300A7DA50 /* simpleMicHelp.png */; };
		2FCEE3E81E31C8F5009CFEE7 /* GoogleService-Info.plist in Resources */ = {isa = PBXBuildFile; fileRef = 2FCEE3E71E31C8F5009CFEE7 /* GoogleService-Info.plist */; };
		2FDB45F61E21755300A98225 /* LilyTests.swift in Sources */ = {isa = PBXBuildFile; fileRef = 2FDB45F51E21755300A98225 /* LilyTests.swift */; };
		672BB027D2BACD0ACB5F68C2 /* Pods_Lily.framework in Frameworks */ = {isa = PBXBuildFile; fileRef = 75EFC085C8AA0B2EA08C1B1D /* Pods_Lily.framework */; };
		A6B15886DD2C5CF0E96A3F0D /* Pods_Lily_LilyTests.framework in Frameworks */ = {isa = PBXBuildFile; fileRef = EF0B5AD57CBC8ED866FD1391 /* Pods_Lily_LilyTests.framework */; };
/* End PBXBuildFile section */

/* Begin PBXContainerItemProxy section */
		2FDB45F81E21755300A98225 /* PBXContainerItemProxy */ = {
			isa = PBXContainerItemProxy;
			containerPortal = 2FA1CD511E0347AF00778DF3 /* Project object */;
			proxyType = 1;
			remoteGlobalIDString = 2FA1CD581E0347AF00778DF3;
			remoteInfo = Lily;
		};
/* End PBXContainerItemProxy section */

/* Begin PBXFileReference section */
		087B0A496F522C14AA1FEBCB /* Pods-Lily.debug.xcconfig */ = {isa = PBXFileReference; includeInIndex = 1; lastKnownFileType = text.xcconfig; name = "Pods-Lily.debug.xcconfig"; path = "Pods/Target Support Files/Pods-Lily/Pods-Lily.debug.xcconfig"; sourceTree = "<group>"; };
		2A3F7A2A05BA366D8C23C744 /* Pods-Lily-LilyTests.release.xcconfig */ = {isa = PBXFileReference; includeInIndex = 1; lastKnownFileType = text.xcconfig; name = "Pods-Lily-LilyTests.release.xcconfig"; path = "Pods/Target Support Files/Pods-Lily-LilyTests/Pods-Lily-LilyTests.release.xcconfig"; sourceTree = "<group>"; };
		2B9CDFF0524D10FD589A9B0E /* Pods-Lily.release.xcconfig */ = {isa = PBXFileReference; includeInIndex = 1; lastKnownFileType = text.xcconfig; name = "Pods-Lily.release.xcconfig"; path = "Pods/Target Support Files/Pods-Lily/Pods-Lily.release.xcconfig"; sourceTree = "<group>"; };
		2F0F75E91E368B71004BCE2D /* SweetAlert.swift */ = {isa = PBXFileReference; fileEncoding = 4; lastKnownFileType = sourcecode.swift; path = SweetAlert.swift; sourceTree = "<group>"; };
		2F2F760D1E312BC9000AE4F7 /* NavigationBar.png */ = {isa = PBXFileReference; lastKnownFileType = image.png; name = NavigationBar.png; path = ../../SketchTemplates/NavigationBar.png; sourceTree = "<group>"; };
		2F2F760F1E312E3D000AE4F7 /* HomeScreenViewController.swift */ = {isa = PBXFileReference; fileEncoding = 4; lastKnownFileType = sourcecode.swift; name = HomeScreenViewController.swift; path = Lily/HomeScreenViewController.swift; sourceTree = "<group>"; };
		2F398E881E11B39D00A1AEB3 /* ViewController2.swift */ = {isa = PBXFileReference; fileEncoding = 4; lastKnownFileType = sourcecode.swift; name = ViewController2.swift; path = Lily/ViewController2.swift; sourceTree = "<group>"; };
		2F398E901E12288A00A1AEB3 /* Lily.xcdatamodel */ = {isa = PBXFileReference; lastKnownFileType = wrapper.xcdatamodel; path = Lily.xcdatamodel; sourceTree = "<group>"; };
		2F398EFC1E14CAB100A1AEB3 /* LilyCoreData.swift */ = {isa = PBXFileReference; fileEncoding = 4; lastKnownFileType = sourcecode.swift; path = LilyCoreData.swift; sourceTree = "<group>"; };
		2F398EFE1E16006600A1AEB3 /* Helpers.swift */ = {isa = PBXFileReference; fileEncoding = 4; lastKnownFileType = sourcecode.swift; path = Helpers.swift; sourceTree = "<group>"; };
		2F3FDC881E35905D00B18F25 /* MicWhite.png */ = {isa = PBXFileReference; lastKnownFileType = image.png; path = MicWhite.png; sourceTree = "<group>"; };
		2F3FDC891E35905D00B18F25 /* x_button.png */ = {isa = PBXFileReference; lastKnownFileType = image.png; path = x_button.png; sourceTree = "<group>"; };
		2F3FDC8A1E35905D00B18F25 /* question_mark.png */ = {isa = PBXFileReference; lastKnownFileType = image.png; path = question_mark.png; sourceTree = "<group>"; };
		2F3FDC901E35921B00B18F25 /* x.png */ = {isa = PBXFileReference; lastKnownFileType = image.png; path = x.png; sourceTree = "<group>"; };
		2F3FDC921E3592E200B18F25 /* Help Subview.png */ = {isa = PBXFileReference; lastKnownFileType = image.png; path = "Help Subview.png"; sourceTree = "<group>"; };
		2F3FDC941E35A69100B18F25 /* backgroundMicHelp.png */ = {isa = PBXFileReference; lastKnownFileType = image.png; path = backgroundMicHelp.png; sourceTree = "<group>"; };
		2F6591AB1E03B29C0040AA4A /* Services.plist */ = {isa = PBXFileReference; fileEncoding = 4; lastKnownFileType = text.plist.xml; path = Services.plist; sourceTree = "<group>"; };
		2F8DBAAC1E0484A30043C34C /* OAuth2RetryHandler.swift */ = {isa = PBXFileReference; fileEncoding = 4; lastKnownFileType = sourcecode.swift; path = OAuth2RetryHandler.swift; sourceTree = "<group>"; };
		2FA09AEC1E31321F0094270F /* blackjack.otf */ = {isa = PBXFileReference; lastKnownFileType = file; name = blackjack.otf; path = blackjack/blackjack.otf; sourceTree = "<group>"; };
		2FA09AEE1E3138070094270F /* CardBackground.png */ = {isa = PBXFileReference; lastKnownFileType = image.png; path = CardBackground.png; sourceTree = "<group>"; };
		2FA09AF01E3138E30094270F /* water.png */ = {isa = PBXFileReference; lastKnownFileType = image.png; path = water.png; sourceTree = "<group>"; };
		2FA09AF21E3138F10094270F /* Heart.png */ = {isa = PBXFileReference; lastKnownFileType = image.png; path = Heart.png; sourceTree = "<group>"; };
		2FA09AF31E3138F10094270F /* balance.png */ = {isa = PBXFileReference; lastKnownFileType = image.png; path = balance.png; sourceTree = "<group>"; };
		2FA09AF41E3138F10094270F /* Checklist.png */ = {isa = PBXFileReference; lastKnownFileType = image.png; path = Checklist.png; sourceTree = "<group>"; };
		2FA09AF51E3138F10094270F /* Flame.png */ = {isa = PBXFileReference; lastKnownFileType = image.png; path = Flame.png; sourceTree = "<group>"; };
		2FA09AF61E3138F10094270F /* Moon.png */ = {isa = PBXFileReference; lastKnownFileType = image.png; path = Moon.png; sourceTree = "<group>"; };
		2FA09AFE1E313BFE0094270F /* ProgressWheel.png */ = {isa = PBXFileReference; lastKnownFileType = image.png; path = ProgressWheel.png; sourceTree = "<group>"; };
		2FA09B001E3147F40094270F /* backgroundShade.png */ = {isa = PBXFileReference; lastKnownFileType = image.png; path = backgroundShade.png; sourceTree = "<group>"; };
		2FA09B041E31BEF80094270F /* microphone.png */ = {isa = PBXFileReference; lastKnownFileType = image.png; path = microphone.png; sourceTree = "<group>"; };
		2FA09B061E31C3A80094270F /* microphone@2x.png */ = {isa = PBXFileReference; lastKnownFileType = image.png; path = "microphone@2x.png"; sourceTree = "<group>"; };
		2FA1CD591E0347AF00778DF3 /* Lily.app */ = {isa = PBXFileReference; explicitFileType = wrapper.application; includeInIndex = 0; path = Lily.app; sourceTree = BUILT_PRODUCTS_DIR; };
		2FA1CD5C1E0347AF00778DF3 /* AppDelegate.swift */ = {isa = PBXFileReference; lastKnownFileType = sourcecode.swift; path = AppDelegate.swift; sourceTree = "<group>"; };
		2FA1CD5E1E0347AF00778DF3 /* ViewController.swift */ = {isa = PBXFileReference; lastKnownFileType = sourcecode.swift; name = ViewController.swift; path = Lily/ViewController.swift; sourceTree = "<group>"; };
		2FA1CD611E0347AF00778DF3 /* Base */ = {isa = PBXFileReference; lastKnownFileType = file.storyboard; name = Base; path = Base.lproj/Main.storyboard; sourceTree = "<group>"; };
		2FA1CD631E0347AF00778DF3 /* Assets.xcassets */ = {isa = PBXFileReference; lastKnownFileType = folder.assetcatalog; path = Assets.xcassets; sourceTree = "<group>"; };
		2FA1CD661E0347AF00778DF3 /* Base */ = {isa = PBXFileReference; lastKnownFileType = file.storyboard; name = Base; path = Base.lproj/LaunchScreen.storyboard; sourceTree = "<group>"; };
		2FA1CD681E0347AF00778DF3 /* Info.plist */ = {isa = PBXFileReference; lastKnownFileType = text.plist.xml; path = Info.plist; sourceTree = "<group>"; };
		2FB4C3C11E1D808400C39109 /* RestClient.swift */ = {isa = PBXFileReference; fileEncoding = 4; lastKnownFileType = sourcecode.swift; name = RestClient.swift; path = Lily/RestClient.swift; sourceTree = "<group>"; };
		2FC69CDA1E0D9E51001A1349 /* FitbitRequests.swift */ = {isa = PBXFileReference; fileEncoding = 4; lastKnownFileType = sourcecode.swift; name = FitbitRequests.swift; path = Lily/FitbitRequests.swift; sourceTree = "<group>"; };
		2FC69CDC1E101995001A1349 /* Lily.entitlements */ = {isa = PBXFileReference; lastKnownFileType = text.plist.entitlements; path = Lily.entitlements; sourceTree = "<group>"; };
		2FC7FC051E35C9A300A7DA50 /* ErrorMicHelpMessage.png */ = {isa = PBXFileReference; lastKnownFileType = image.png; path = ErrorMicHelpMessage.png; sourceTree = "<group>"; };
		2FC7FC061E35C9A300A7DA50 /* simpleMicHelp.png */ = {isa = PBXFileReference; lastKnownFileType = image.png; path = simpleMicHelp.png; sourceTree = "<group>"; };
		2FCEE3E71E31C8F5009CFEE7 /* GoogleService-Info.plist */ = {isa = PBXFileReference; fileEncoding = 4; lastKnownFileType = text.plist.xml; path = "GoogleService-Info.plist"; sourceTree = "<group>"; };
		2FDB45F31E21755300A98225 /* LilyTests.xctest */ = {isa = PBXFileReference; explicitFileType = wrapper.cfbundle; includeInIndex = 0; path = LilyTests.xctest; sourceTree = BUILT_PRODUCTS_DIR; };
		2FDB45F51E21755300A98225 /* LilyTests.swift */ = {isa = PBXFileReference; lastKnownFileType = sourcecode.swift; path = LilyTests.swift; sourceTree = "<group>"; };
		2FDB45F71E21755300A98225 /* Info.plist */ = {isa = PBXFileReference; lastKnownFileType = text.plist.xml; path = Info.plist; sourceTree = "<group>"; };
		75EFC085C8AA0B2EA08C1B1D /* Pods_Lily.framework */ = {isa = PBXFileReference; explicitFileType = wrapper.framework; includeInIndex = 0; path = Pods_Lily.framework; sourceTree = BUILT_PRODUCTS_DIR; };
		E7BCA35F4FE7800240D9C439 /* Pods-Lily-LilyTests.debug.xcconfig */ = {isa = PBXFileReference; includeInIndex = 1; lastKnownFileType = text.xcconfig; name = "Pods-Lily-LilyTests.debug.xcconfig"; path = "Pods/Target Support Files/Pods-Lily-LilyTests/Pods-Lily-LilyTests.debug.xcconfig"; sourceTree = "<group>"; };
		EF0B5AD57CBC8ED866FD1391 /* Pods_Lily_LilyTests.framework */ = {isa = PBXFileReference; explicitFileType = wrapper.framework; includeInIndex = 0; path = Pods_Lily_LilyTests.framework; sourceTree = BUILT_PRODUCTS_DIR; };
/* End PBXFileReference section */

/* Begin PBXFrameworksBuildPhase section */
		2FA1CD561E0347AF00778DF3 /* Frameworks */ = {
			isa = PBXFrameworksBuildPhase;
			buildActionMask = 2147483647;
			files = (
				672BB027D2BACD0ACB5F68C2 /* Pods_Lily.framework in Frameworks */,
			);
			runOnlyForDeploymentPostprocessing = 0;
		};
		2FDB45F01E21755300A98225 /* Frameworks */ = {
			isa = PBXFrameworksBuildPhase;
			buildActionMask = 2147483647;
			files = (
				A6B15886DD2C5CF0E96A3F0D /* Pods_Lily_LilyTests.framework in Frameworks */,
			);
			runOnlyForDeploymentPostprocessing = 0;
		};
/* End PBXFrameworksBuildPhase section */

/* Begin PBXGroup section */
		0DB7693B6EAC8585F56C3BD4 /* Frameworks */ = {
			isa = PBXGroup;
			children = (
				75EFC085C8AA0B2EA08C1B1D /* Pods_Lily.framework */,
				EF0B5AD57CBC8ED866FD1391 /* Pods_Lily_LilyTests.framework */,
			);
			name = Frameworks;
			sourceTree = "<group>";
		};
		2F2F76111E3131A8000AE4F7 /* Resources */ = {
			isa = PBXGroup;
			children = (
				2FC7FC051E35C9A300A7DA50 /* ErrorMicHelpMessage.png */,
				2FC7FC061E35C9A300A7DA50 /* simpleMicHelp.png */,
				2F3FDC941E35A69100B18F25 /* backgroundMicHelp.png */,
				2F3FDC921E3592E200B18F25 /* Help Subview.png */,
				2F3FDC901E35921B00B18F25 /* x.png */,
				2F3FDC881E35905D00B18F25 /* MicWhite.png */,
				2F3FDC891E35905D00B18F25 /* x_button.png */,
				2F3FDC8A1E35905D00B18F25 /* question_mark.png */,
				2FA09B061E31C3A80094270F /* microphone@2x.png */,
				2FA09B041E31BEF80094270F /* microphone.png */,
				2FA09B001E3147F40094270F /* backgroundShade.png */,
				2FA09AFE1E313BFE0094270F /* ProgressWheel.png */,
				2FA09AF21E3138F10094270F /* Heart.png */,
				2FA09AF31E3138F10094270F /* balance.png */,
				2FA09AF41E3138F10094270F /* Checklist.png */,
				2FA09AF51E3138F10094270F /* Flame.png */,
				2FA09AF61E3138F10094270F /* Moon.png */,
				2FA09AF01E3138E30094270F /* water.png */,
				2FA09AEE1E3138070094270F /* CardBackground.png */,
				2FA09AEC1E31321F0094270F /* blackjack.otf */,
			);
			name = Resources;
			sourceTree = "<group>";
		};
		2FA1CD501E0347AF00778DF3 = {
			isa = PBXGroup;
			children = (
				2FA1CD5B1E0347AF00778DF3 /* Lily */,
				2FDB45F41E21755300A98225 /* LilyTests */,
				2FA1CD5A1E0347AF00778DF3 /* Products */,
				9D55862E8999E78D291CCD34 /* Pods */,
				0DB7693B6EAC8585F56C3BD4 /* Frameworks */,
			);
			sourceTree = "<group>";
		};
		2FA1CD5A1E0347AF00778DF3 /* Products */ = {
			isa = PBXGroup;
			children = (
				2FA1CD591E0347AF00778DF3 /* Lily.app */,
				2FDB45F31E21755300A98225 /* LilyTests.xctest */,
			);
			name = Products;
			sourceTree = "<group>";
		};
		2FA1CD5B1E0347AF00778DF3 /* Lily */ = {
			isa = PBXGroup;
			children = (
				2FA1CD601E0347AF00778DF3 /* Main.storyboard */,
				2FB4C3BE1E1D7A1A00C39109 /* ViewControllers */,
				2FB4C3C01E1D806900C39109 /* REST */,
				2FB4C3BD1E1D79F700C39109 /* Fitbit */,
				2FB4C3BC1E1D79DF00C39109 /* Core Data */,
				2FA1CD631E0347AF00778DF3 /* Assets.xcassets */,
				2F2F760D1E312BC9000AE4F7 /* NavigationBar.png */,
				2FA1CD651E0347AF00778DF3 /* LaunchScreen.storyboard */,
				2F2F76111E3131A8000AE4F7 /* Resources */,
				2FB4C3BF1E1D7A4000C39109 /* Others */,
			);
			path = Lily;
			sourceTree = "<group>";
		};
		2FB4C3BC1E1D79DF00C39109 /* Core Data */ = {
			isa = PBXGroup;
			children = (
				2F398EFC1E14CAB100A1AEB3 /* LilyCoreData.swift */,
			);
			name = "Core Data";
			sourceTree = "<group>";
		};
		2FB4C3BD1E1D79F700C39109 /* Fitbit */ = {
			isa = PBXGroup;
			children = (
				2FC69CDA1E0D9E51001A1349 /* FitbitRequests.swift */,
			);
			name = Fitbit;
			path = ..;
			sourceTree = "<group>";
		};
		2FB4C3BE1E1D7A1A00C39109 /* ViewControllers */ = {
			isa = PBXGroup;
			children = (
				2FA1CD5E1E0347AF00778DF3 /* ViewController.swift */,
				2F2F760F1E312E3D000AE4F7 /* HomeScreenViewController.swift */,
				2F398E881E11B39D00A1AEB3 /* ViewController2.swift */,
			);
			name = ViewControllers;
			path = ..;
			sourceTree = "<group>";
		};
		2FB4C3BF1E1D7A4000C39109 /* Others */ = {
			isa = PBXGroup;
			children = (
				2FCEE3E71E31C8F5009CFEE7 /* GoogleService-Info.plist */,
				2F6591AB1E03B29C0040AA4A /* Services.plist */,
				2FA1CD681E0347AF00778DF3 /* Info.plist */,
				2FC69CDC1E101995001A1349 /* Lily.entitlements */,
				2F398E8F1E12288A00A1AEB3 /* Lily.xcdatamodeld */,
				2F8DBAAC1E0484A30043C34C /* OAuth2RetryHandler.swift */,
				2FA1CD5C1E0347AF00778DF3 /* AppDelegate.swift */,
				2F398EFE1E16006600A1AEB3 /* Helpers.swift */,
				2F0F75E91E368B71004BCE2D /* SweetAlert.swift */,
			);
			name = Others;
			sourceTree = "<group>";
		};
		2FB4C3C01E1D806900C39109 /* REST */ = {
			isa = PBXGroup;
			children = (
				2FB4C3C11E1D808400C39109 /* RestClient.swift */,
			);
			name = REST;
			path = ..;
			sourceTree = "<group>";
		};
		2FDB45F41E21755300A98225 /* LilyTests */ = {
			isa = PBXGroup;
			children = (
				2FDB45F51E21755300A98225 /* LilyTests.swift */,
				2FDB45F71E21755300A98225 /* Info.plist */,
			);
			path = LilyTests;
			sourceTree = "<group>";
		};
		9D55862E8999E78D291CCD34 /* Pods */ = {
			isa = PBXGroup;
			children = (
				087B0A496F522C14AA1FEBCB /* Pods-Lily.debug.xcconfig */,
				2B9CDFF0524D10FD589A9B0E /* Pods-Lily.release.xcconfig */,
				E7BCA35F4FE7800240D9C439 /* Pods-Lily-LilyTests.debug.xcconfig */,
				2A3F7A2A05BA366D8C23C744 /* Pods-Lily-LilyTests.release.xcconfig */,
			);
			name = Pods;
			sourceTree = "<group>";
		};
/* End PBXGroup section */

/* Begin PBXNativeTarget section */
		2FA1CD581E0347AF00778DF3 /* Lily */ = {
			isa = PBXNativeTarget;
			buildConfigurationList = 2FA1CD6B1E0347AF00778DF3 /* Build configuration list for PBXNativeTarget "Lily" */;
			buildPhases = (
				641D461F48C1538883594B6F /* [CP] Check Pods Manifest.lock */,
				2FA1CD551E0347AF00778DF3 /* Sources */,
				2FA1CD561E0347AF00778DF3 /* Frameworks */,
				2FA1CD571E0347AF00778DF3 /* Resources */,
				AC98A3888091742FF8EB5A00 /* [CP] Embed Pods Frameworks */,
				B14C10DA93B987465439979C /* [CP] Copy Pods Resources */,
			);
			buildRules = (
			);
			dependencies = (
			);
			name = Lily;
			productName = Lily;
			productReference = 2FA1CD591E0347AF00778DF3 /* Lily.app */;
			productType = "com.apple.product-type.application";
		};
		2FDB45F21E21755300A98225 /* LilyTests */ = {
			isa = PBXNativeTarget;
			buildConfigurationList = 2FDB45FA1E21755300A98225 /* Build configuration list for PBXNativeTarget "LilyTests" */;
			buildPhases = (
				F02C39C3385EE3B09CE39A5F /* [CP] Check Pods Manifest.lock */,
				2FDB45EF1E21755300A98225 /* Sources */,
				2FDB45F01E21755300A98225 /* Frameworks */,
				2FDB45F11E21755300A98225 /* Resources */,
				9FB7D371DAD833EB1D29D47E /* [CP] Embed Pods Frameworks */,
				0CC2405D9377CCABC84184E4 /* [CP] Copy Pods Resources */,
			);
			buildRules = (
			);
			dependencies = (
				2FDB45F91E21755300A98225 /* PBXTargetDependency */,
			);
			name = LilyTests;
			productName = LilyTests;
			productReference = 2FDB45F31E21755300A98225 /* LilyTests.xctest */;
			productType = "com.apple.product-type.bundle.unit-test";
		};
/* End PBXNativeTarget section */

/* Begin PBXProject section */
		2FA1CD511E0347AF00778DF3 /* Project object */ = {
			isa = PBXProject;
			attributes = {
				LastSwiftUpdateCheck = 0810;
				LastUpgradeCheck = 0820;
				ORGANIZATIONNAME = "Tom Reinhart";
				TargetAttributes = {
					2FA1CD581E0347AF00778DF3 = {
						CreatedOnToolsVersion = 8.1;
						DevelopmentTeam = T2JRV3NNQC;
						ProvisioningStyle = Automatic;
						SystemCapabilities = {
							com.apple.Keychain = {
								enabled = 1;
							};
						};
					};
					2FDB45F21E21755300A98225 = {
						CreatedOnToolsVersion = 8.1;
						ProvisioningStyle = Automatic;
						TestTargetID = 2FA1CD581E0347AF00778DF3;
					};
				};
			};
			buildConfigurationList = 2FA1CD541E0347AF00778DF3 /* Build configuration list for PBXProject "Lily" */;
			compatibilityVersion = "Xcode 3.2";
			developmentRegion = English;
			hasScannedForEncodings = 0;
			knownRegions = (
				en,
				Base,
			);
			mainGroup = 2FA1CD501E0347AF00778DF3;
			productRefGroup = 2FA1CD5A1E0347AF00778DF3 /* Products */;
			projectDirPath = "";
			projectRoot = "";
			targets = (
				2FA1CD581E0347AF00778DF3 /* Lily */,
				2FDB45F21E21755300A98225 /* LilyTests */,
			);
		};
/* End PBXProject section */

/* Begin PBXResourcesBuildPhase section */
		2FA1CD571E0347AF00778DF3 /* Resources */ = {
			isa = PBXResourcesBuildPhase;
			buildActionMask = 2147483647;
			files = (
				2FC7FC071E35C9A300A7DA50 /* ErrorMicHelpMessage.png in Resources */,
				2F6591AC1E03B29C0040AA4A /* Services.plist in Resources */,
				2FA09AFA1E3138F10094270F /* Flame.png in Resources */,
				2FA1CD671E0347AF00778DF3 /* LaunchScreen.storyboard in Resources */,
				2FC7FC081E35C9A300A7DA50 /* simpleMicHelp.png in Resources */,
				2FA1CD641E0347AF00778DF3 /* Assets.xcassets in Resources */,
				2FA09AED1E31321F0094270F /* blackjack.otf in Resources */,
				2FA09B051E31BEF80094270F /* microphone.png in Resources */,
				2FA09AF81E3138F10094270F /* balance.png in Resources */,
				2FA09AF91E3138F10094270F /* Checklist.png in Resources */,
				2FA09AFB1E3138F10094270F /* Moon.png in Resources */,
				2FA09AFF1E313BFE0094270F /* ProgressWheel.png in Resources */,
				2F3FDC911E35921B00B18F25 /* x.png in Resources */,
				2F2F760E1E312BC9000AE4F7 /* NavigationBar.png in Resources */,
				2FCEE3E81E31C8F5009CFEE7 /* GoogleService-Info.plist in Resources */,
				2FA09AEF1E3138070094270F /* CardBackground.png in Resources */,
				2FA09B011E3147F40094270F /* backgroundShade.png in Resources */,
				2F3FDC8D1E35905D00B18F25 /* x_button.png in Resources */,
				2FA09AF71E3138F10094270F /* Heart.png in Resources */,
				2FA09B071E31C3A80094270F /* microphone@2x.png in Resources */,
				2F3FDC951E35A69100B18F25 /* backgroundMicHelp.png in Resources */,
				2F3FDC931E3592E200B18F25 /* Help Subview.png in Resources */,
				2FA1CD621E0347AF00778DF3 /* Main.storyboard in Resources */,
				2FA09AF11E3138E30094270F /* water.png in Resources */,
				2F3FDC8C1E35905D00B18F25 /* MicWhite.png in Resources */,
				2F3FDC8E1E35905D00B18F25 /* question_mark.png in Resources */,
			);
			runOnlyForDeploymentPostprocessing = 0;
		};
		2FDB45F11E21755300A98225 /* Resources */ = {
			isa = PBXResourcesBuildPhase;
			buildActionMask = 2147483647;
			files = (
			);
			runOnlyForDeploymentPostprocessing = 0;
		};
/* End PBXResourcesBuildPhase section */

/* Begin PBXShellScriptBuildPhase section */
		0CC2405D9377CCABC84184E4 /* [CP] Copy Pods Resources */ = {
			isa = PBXShellScriptBuildPhase;
			buildActionMask = 2147483647;
			files = (
			);
			inputPaths = (
			);
			name = "[CP] Copy Pods Resources";
			outputPaths = (
			);
			runOnlyForDeploymentPostprocessing = 0;
			shellPath = /bin/sh;
			shellScript = "\"${SRCROOT}/Pods/Target Support Files/Pods-Lily-LilyTests/Pods-Lily-LilyTests-resources.sh\"\n";
			showEnvVarsInLog = 0;
		};
		641D461F48C1538883594B6F /* [CP] Check Pods Manifest.lock */ = {
			isa = PBXShellScriptBuildPhase;
			buildActionMask = 2147483647;
			files = (
			);
			inputPaths = (
			);
			name = "[CP] Check Pods Manifest.lock";
			outputPaths = (
			);
			runOnlyForDeploymentPostprocessing = 0;
			shellPath = /bin/sh;
			shellScript = "diff \"${PODS_ROOT}/../Podfile.lock\" \"${PODS_ROOT}/Manifest.lock\" > /dev/null\nif [ $? != 0 ] ; then\n    # print error to STDERR\n    echo \"error: The sandbox is not in sync with the Podfile.lock. Run 'pod install' or update your CocoaPods installation.\" >&2\n    exit 1\nfi\n";
			showEnvVarsInLog = 0;
		};
		9FB7D371DAD833EB1D29D47E /* [CP] Embed Pods Frameworks */ = {
			isa = PBXShellScriptBuildPhase;
			buildActionMask = 2147483647;
			files = (
			);
			inputPaths = (
			);
			name = "[CP] Embed Pods Frameworks";
			outputPaths = (
			);
			runOnlyForDeploymentPostprocessing = 0;
			shellPath = /bin/sh;
			shellScript = "\"${SRCROOT}/Pods/Target Support Files/Pods-Lily-LilyTests/Pods-Lily-LilyTests-frameworks.sh\"\n";
			showEnvVarsInLog = 0;
		};
		AC98A3888091742FF8EB5A00 /* [CP] Embed Pods Frameworks */ = {
			isa = PBXShellScriptBuildPhase;
			buildActionMask = 2147483647;
			files = (
			);
			inputPaths = (
			);
			name = "[CP] Embed Pods Frameworks";
			outputPaths = (
			);
			runOnlyForDeploymentPostprocessing = 0;
			shellPath = /bin/sh;
			shellScript = "\"${SRCROOT}/Pods/Target Support Files/Pods-Lily/Pods-Lily-frameworks.sh\"\n";
			showEnvVarsInLog = 0;
		};
		B14C10DA93B987465439979C /* [CP] Copy Pods Resources */ = {
			isa = PBXShellScriptBuildPhase;
			buildActionMask = 2147483647;
			files = (
			);
			inputPaths = (
			);
			name = "[CP] Copy Pods Resources";
			outputPaths = (
			);
			runOnlyForDeploymentPostprocessing = 0;
			shellPath = /bin/sh;
			shellScript = "\"${SRCROOT}/Pods/Target Support Files/Pods-Lily/Pods-Lily-resources.sh\"\n";
			showEnvVarsInLog = 0;
		};
		F02C39C3385EE3B09CE39A5F /* [CP] Check Pods Manifest.lock */ = {
			isa = PBXShellScriptBuildPhase;
			buildActionMask = 2147483647;
			files = (
			);
			inputPaths = (
			);
			name = "[CP] Check Pods Manifest.lock";
			outputPaths = (
			);
			runOnlyForDeploymentPostprocessing = 0;
			shellPath = /bin/sh;
			shellScript = "diff \"${PODS_ROOT}/../Podfile.lock\" \"${PODS_ROOT}/Manifest.lock\" > /dev/null\nif [ $? != 0 ] ; then\n    # print error to STDERR\n    echo \"error: The sandbox is not in sync with the Podfile.lock. Run 'pod install' or update your CocoaPods installation.\" >&2\n    exit 1\nfi\n";
			showEnvVarsInLog = 0;
		};
/* End PBXShellScriptBuildPhase section */

/* Begin PBXSourcesBuildPhase section */
		2FA1CD551E0347AF00778DF3 /* Sources */ = {
			isa = PBXSourcesBuildPhase;
			buildActionMask = 2147483647;
			files = (
				2F398E891E11B39D00A1AEB3 /* ViewController2.swift in Sources */,
				2FA1CD5F1E0347AF00778DF3 /* ViewController.swift in Sources */,
				2F0F75EA1E368B71004BCE2D /* SweetAlert.swift in Sources */,
				2FC69CDB1E0D9E51001A1349 /* FitbitRequests.swift in Sources */,
				2F398EFF1E16006600A1AEB3 /* Helpers.swift in Sources */,
				2FB4C3C21E1D808400C39109 /* RestClient.swift in Sources */,
				2F8DBAAD1E0484A30043C34C /* OAuth2RetryHandler.swift in Sources */,
				2F398EFD1E14CAB100A1AEB3 /* LilyCoreData.swift in Sources */,
				2FA1CD5D1E0347AF00778DF3 /* AppDelegate.swift in Sources */,
				2F398E911E12288A00A1AEB3 /* Lily.xcdatamodeld in Sources */,
				2F2F76101E312E3D000AE4F7 /* HomeScreenViewController.swift in Sources */,
			);
			runOnlyForDeploymentPostprocessing = 0;
		};
		2FDB45EF1E21755300A98225 /* Sources */ = {
			isa = PBXSourcesBuildPhase;
			buildActionMask = 2147483647;
			files = (
				2FDB45F61E21755300A98225 /* LilyTests.swift in Sources */,
			);
			runOnlyForDeploymentPostprocessing = 0;
		};
/* End PBXSourcesBuildPhase section */

/* Begin PBXTargetDependency section */
		2FDB45F91E21755300A98225 /* PBXTargetDependency */ = {
			isa = PBXTargetDependency;
			target = 2FA1CD581E0347AF00778DF3 /* Lily */;
			targetProxy = 2FDB45F81E21755300A98225 /* PBXContainerItemProxy */;
		};
/* End PBXTargetDependency section */

/* Begin PBXVariantGroup section */
		2FA1CD601E0347AF00778DF3 /* Main.storyboard */ = {
			isa = PBXVariantGroup;
			children = (
				2FA1CD611E0347AF00778DF3 /* Base */,
			);
			name = Main.storyboard;
			sourceTree = "<group>";
		};
		2FA1CD651E0347AF00778DF3 /* LaunchScreen.storyboard */ = {
			isa = PBXVariantGroup;
			children = (
				2FA1CD661E0347AF00778DF3 /* Base */,
			);
			name = LaunchScreen.storyboard;
			sourceTree = "<group>";
		};
/* End PBXVariantGroup section */

/* Begin XCBuildConfiguration section */
		2FA1CD691E0347AF00778DF3 /* Debug */ = {
			isa = XCBuildConfiguration;
			buildSettings = {
				ALWAYS_SEARCH_USER_PATHS = NO;
				CLANG_ANALYZER_NONNULL = YES;
				CLANG_CXX_LANGUAGE_STANDARD = "gnu++0x";
				CLANG_CXX_LIBRARY = "libc++";
				CLANG_ENABLE_MODULES = YES;
				CLANG_ENABLE_OBJC_ARC = YES;
				CLANG_WARN_BOOL_CONVERSION = YES;
				CLANG_WARN_CONSTANT_CONVERSION = YES;
				CLANG_WARN_DIRECT_OBJC_ISA_USAGE = YES_ERROR;
				CLANG_WARN_DOCUMENTATION_COMMENTS = YES;
				CLANG_WARN_EMPTY_BODY = YES;
				CLANG_WARN_ENUM_CONVERSION = YES;
				CLANG_WARN_INFINITE_RECURSION = YES;
				CLANG_WARN_INT_CONVERSION = YES;
				CLANG_WARN_OBJC_ROOT_CLASS = YES_ERROR;
				CLANG_WARN_SUSPICIOUS_MOVE = YES;
				CLANG_WARN_SUSPICIOUS_MOVES = YES;
				CLANG_WARN_UNREACHABLE_CODE = YES;
				CLANG_WARN__DUPLICATE_METHOD_MATCH = YES;
				"CODE_SIGN_IDENTITY[sdk=iphoneos*]" = "iPhone Developer";
				COPY_PHASE_STRIP = NO;
				DEBUG_INFORMATION_FORMAT = dwarf;
				ENABLE_STRICT_OBJC_MSGSEND = YES;
				ENABLE_TESTABILITY = YES;
				GCC_C_LANGUAGE_STANDARD = gnu99;
				GCC_DYNAMIC_NO_PIC = NO;
				GCC_NO_COMMON_BLOCKS = YES;
				GCC_OPTIMIZATION_LEVEL = 0;
				GCC_PREPROCESSOR_DEFINITIONS = (
					"DEBUG=1",
					"$(inherited)",
				);
				GCC_WARN_64_TO_32_BIT_CONVERSION = YES;
				GCC_WARN_ABOUT_RETURN_TYPE = YES_ERROR;
				GCC_WARN_UNDECLARED_SELECTOR = YES;
				GCC_WARN_UNINITIALIZED_AUTOS = YES_AGGRESSIVE;
				GCC_WARN_UNUSED_FUNCTION = YES;
				GCC_WARN_UNUSED_VARIABLE = YES;
				IPHONEOS_DEPLOYMENT_TARGET = 10.2;
				MTL_ENABLE_DEBUG_INFO = YES;
				ONLY_ACTIVE_ARCH = YES;
				SDKROOT = iphoneos;
				SWIFT_ACTIVE_COMPILATION_CONDITIONS = DEBUG;
				SWIFT_OPTIMIZATION_LEVEL = "-Onone";
			};
			name = Debug;
		};
		2FA1CD6A1E0347AF00778DF3 /* Release */ = {
			isa = XCBuildConfiguration;
			buildSettings = {
				ALWAYS_SEARCH_USER_PATHS = NO;
				CLANG_ANALYZER_NONNULL = YES;
				CLANG_CXX_LANGUAGE_STANDARD = "gnu++0x";
				CLANG_CXX_LIBRARY = "libc++";
				CLANG_ENABLE_MODULES = YES;
				CLANG_ENABLE_OBJC_ARC = YES;
				CLANG_WARN_BOOL_CONVERSION = YES;
				CLANG_WARN_CONSTANT_CONVERSION = YES;
				CLANG_WARN_DIRECT_OBJC_ISA_USAGE = YES_ERROR;
				CLANG_WARN_DOCUMENTATION_COMMENTS = YES;
				CLANG_WARN_EMPTY_BODY = YES;
				CLANG_WARN_ENUM_CONVERSION = YES;
				CLANG_WARN_INFINITE_RECURSION = YES;
				CLANG_WARN_INT_CONVERSION = YES;
				CLANG_WARN_OBJC_ROOT_CLASS = YES_ERROR;
				CLANG_WARN_SUSPICIOUS_MOVE = YES;
				CLANG_WARN_SUSPICIOUS_MOVES = YES;
				CLANG_WARN_UNREACHABLE_CODE = YES;
				CLANG_WARN__DUPLICATE_METHOD_MATCH = YES;
				"CODE_SIGN_IDENTITY[sdk=iphoneos*]" = "iPhone Developer";
				COPY_PHASE_STRIP = NO;
				DEBUG_INFORMATION_FORMAT = "dwarf-with-dsym";
				ENABLE_NS_ASSERTIONS = NO;
				ENABLE_STRICT_OBJC_MSGSEND = YES;
				GCC_C_LANGUAGE_STANDARD = gnu99;
				GCC_NO_COMMON_BLOCKS = YES;
				GCC_WARN_64_TO_32_BIT_CONVERSION = YES;
				GCC_WARN_ABOUT_RETURN_TYPE = YES_ERROR;
				GCC_WARN_UNDECLARED_SELECTOR = YES;
				GCC_WARN_UNINITIALIZED_AUTOS = YES_AGGRESSIVE;
				GCC_WARN_UNUSED_FUNCTION = YES;
				GCC_WARN_UNUSED_VARIABLE = YES;
				IPHONEOS_DEPLOYMENT_TARGET = 10.2;
				MTL_ENABLE_DEBUG_INFO = NO;
				SDKROOT = iphoneos;
				SWIFT_OPTIMIZATION_LEVEL = "-Owholemodule";
				VALIDATE_PRODUCT = YES;
			};
			name = Release;
		};
		2FA1CD6C1E0347AF00778DF3 /* Debug */ = {
			isa = XCBuildConfiguration;
			baseConfigurationReference = 087B0A496F522C14AA1FEBCB /* Pods-Lily.debug.xcconfig */;
			buildSettings = {
				ALWAYS_EMBED_SWIFT_STANDARD_LIBRARIES = "$(inherited)";
				ASSETCATALOG_COMPILER_APPICON_NAME = AppIcon;
				CODE_SIGN_ENTITLEMENTS = Lily/Lily.entitlements;
				DEVELOPMENT_TEAM = T2JRV3NNQC;
				INFOPLIST_FILE = Lily/Info.plist;
				IPHONEOS_DEPLOYMENT_TARGET = 10.2;
				LD_RUNPATH_SEARCH_PATHS = "$(inherited) @executable_path/Frameworks";
				PRODUCT_BUNDLE_IDENTIFIER = tbr.lily.Lily;
				PRODUCT_NAME = "$(TARGET_NAME)";
				SWIFT_VERSION = 3.0;
			};
			name = Debug;
		};
		2FA1CD6D1E0347AF00778DF3 /* Release */ = {
			isa = XCBuildConfiguration;
			baseConfigurationReference = 2B9CDFF0524D10FD589A9B0E /* Pods-Lily.release.xcconfig */;
			buildSettings = {
				ALWAYS_EMBED_SWIFT_STANDARD_LIBRARIES = "$(inherited)";
				ASSETCATALOG_COMPILER_APPICON_NAME = AppIcon;
				CODE_SIGN_ENTITLEMENTS = Lily/Lily.entitlements;
				DEVELOPMENT_TEAM = T2JRV3NNQC;
				INFOPLIST_FILE = Lily/Info.plist;
				IPHONEOS_DEPLOYMENT_TARGET = 10.2;
				LD_RUNPATH_SEARCH_PATHS = "$(inherited) @executable_path/Frameworks";
				PRODUCT_BUNDLE_IDENTIFIER = tbr.lily.Lily;
				PRODUCT_NAME = "$(TARGET_NAME)";
				SWIFT_VERSION = 3.0;
				VALIDATE_PRODUCT = NO;
			};
			name = Release;
		};
		2FDB45FB1E21755300A98225 /* Debug */ = {
			isa = XCBuildConfiguration;
			baseConfigurationReference = E7BCA35F4FE7800240D9C439 /* Pods-Lily-LilyTests.debug.xcconfig */;
			buildSettings = {
				ALWAYS_EMBED_SWIFT_STANDARD_LIBRARIES = YES;
				BUNDLE_LOADER = "$(TEST_HOST)";
				INFOPLIST_FILE = LilyTests/Info.plist;
				LD_RUNPATH_SEARCH_PATHS = "$(inherited) @executable_path/Frameworks @loader_path/Frameworks";
				PRODUCT_BUNDLE_IDENTIFIER = tbr.LilyTests;
				PRODUCT_NAME = "$(TARGET_NAME)";
				SWIFT_VERSION = 3.0;
				TEST_HOST = "$(BUILT_PRODUCTS_DIR)/Lily.app/Lily";
			};
			name = Debug;
		};
		2FDB45FC1E21755300A98225 /* Release */ = {
			isa = XCBuildConfiguration;
			baseConfigurationReference = 2A3F7A2A05BA366D8C23C744 /* Pods-Lily-LilyTests.release.xcconfig */;
			buildSettings = {
				ALWAYS_EMBED_SWIFT_STANDARD_LIBRARIES = YES;
				BUNDLE_LOADER = "$(TEST_HOST)";
				INFOPLIST_FILE = LilyTests/Info.plist;
				LD_RUNPATH_SEARCH_PATHS = "$(inherited) @executable_path/Frameworks @loader_path/Frameworks";
				PRODUCT_BUNDLE_IDENTIFIER = tbr.LilyTests;
				PRODUCT_NAME = "$(TARGET_NAME)";
				SWIFT_VERSION = 3.0;
				TEST_HOST = "$(BUILT_PRODUCTS_DIR)/Lily.app/Lily";
			};
			name = Release;
		};
/* End XCBuildConfiguration section */

/* Begin XCConfigurationList section */
		2FA1CD541E0347AF00778DF3 /* Build configuration list for PBXProject "Lily" */ = {
			isa = XCConfigurationList;
			buildConfigurations = (
				2FA1CD691E0347AF00778DF3 /* Debug */,
				2FA1CD6A1E0347AF00778DF3 /* Release */,
			);
			defaultConfigurationIsVisible = 0;
			defaultConfigurationName = Release;
		};
		2FA1CD6B1E0347AF00778DF3 /* Build configuration list for PBXNativeTarget "Lily" */ = {
			isa = XCConfigurationList;
			buildConfigurations = (
				2FA1CD6C1E0347AF00778DF3 /* Debug */,
				2FA1CD6D1E0347AF00778DF3 /* Release */,
			);
			defaultConfigurationIsVisible = 0;
			defaultConfigurationName = Release;
		};
		2FDB45FA1E21755300A98225 /* Build configuration list for PBXNativeTarget "LilyTests" */ = {
			isa = XCConfigurationList;
			buildConfigurations = (
				2FDB45FB1E21755300A98225 /* Debug */,
				2FDB45FC1E21755300A98225 /* Release */,
			);
			defaultConfigurationIsVisible = 0;
			defaultConfigurationName = Release;
		};
/* End XCConfigurationList section */

/* Begin XCVersionGroup section */
		2F398E8F1E12288A00A1AEB3 /* Lily.xcdatamodeld */ = {
			isa = XCVersionGroup;
			children = (
				2F398E901E12288A00A1AEB3 /* Lily.xcdatamodel */,
			);
			currentVersion = 2F398E901E12288A00A1AEB3 /* Lily.xcdatamodel */;
			path = Lily.xcdatamodeld;
			sourceTree = "<group>";
			versionGroupType = wrapper.xcdatamodel;
		};
/* End XCVersionGroup section */
	};
	rootObject = 2FA1CD511E0347AF00778DF3 /* Project object */;
}
